hash: 4d2ed9d11e07ec81538ebcac6da41fabf333bc3dbf13076d8020c7a9dcef40de
updated: 2017-10-16T16:36:44.52980983+01:00
imports:
- name: github.com/aws/aws-sdk-go
  version: 7cb0cfd8c7a20efc2ec149e50eb55fc770c673d8
  subpackages:
  - aws
- name: github.com/eawsy/aws-lambda-go-core
  version: e26eed6aa244a3d45aa693816a9c5faf39390fcd
  subpackages:
  - service/lambda/runtime
testImports: []
